{
  "version": 4,
  "terraform_version": "1.2.1",
  "serial": 64,
  "lineage": "ebac2d2a-bd23-fb79-1ee5-4b15f485e500",
  "outputs": {},
  "resources": [
    {
      "mode": "managed",
      "type": "azurerm_bastion_host",
      "name": "bastion_host",
      "provider": "provider[\"registry.terraform.io/hashicorp/azurerm\"]",
      "instances": [
        {
          "schema_version": 0,
          "attributes": {
            "copy_paste_enabled": true,
            "dns_name": "bst-a5ff01e7-569a-4ed2-858a-2876d50656ad.bastion.azure.com",
            "file_copy_enabled": false,
            "id": "/subscriptions/9819147e-88ee-45cb-9c60-d3cd02e918e8/resourceGroups/udemy_resource_group/providers/Microsoft.Network/bastionHosts/udemy-bastion",
            "ip_configuration": [
              {
                "name": "bastion_ip_configuration",
                "public_ip_address_id": "/subscriptions/9819147e-88ee-45cb-9c60-d3cd02e918e8/resourceGroups/udemy_resource_group/providers/Microsoft.Network/publicIPAddresses/udemy-bastion-public-ip",
                "subnet_id": "/subscriptions/9819147e-88ee-45cb-9c60-d3cd02e918e8/resourceGroups/udemy_resource_group/providers/Microsoft.Network/virtualNetworks/udemy_virtual_network/subnets/AzureBastionSubnet"
              }
            ],
            "ip_connect_enabled": false,
            "location": "japaneast",
            "name": "udemy-bastion",
            "resource_group_name": "udemy_resource_group",
            "scale_units": 2,
            "shareable_link_enabled": false,
            "sku": "Basic",
            "tags": {},
            "timeouts": null,
            "tunneling_enabled": false
          },
          "sensitive_attributes": [],
          "private": "eyJlMmJmYjczMC1lY2FhLTExZTYtOGY4OC0zNDM2M2JjN2M0YzAiOnsiY3JlYXRlIjoxODAwMDAwMDAwMDAwLCJkZWxldGUiOjE4MDAwMDAwMDAwMDAsInJlYWQiOjMwMDAwMDAwMDAwMCwidXBkYXRlIjoxODAwMDAwMDAwMDAwfX0=",
          "dependencies": [
            "azurerm_public_ip.bastion_public_ip",
            "azurerm_resource_group.resource_group",
            "azurerm_subnet.bastion",
            "azurerm_virtual_network.vnet"
          ]
        }
      ]
    },
    {
      "mode": "managed",
      "type": "azurerm_lb",
      "name": "lb",
      "provider": "provider[\"registry.terraform.io/hashicorp/azurerm\"]",
      "instances": [
        {
          "schema_version": 0,
          "attributes": {
            "edge_zone": "",
            "frontend_ip_configuration": [
              {
                "gateway_load_balancer_frontend_ip_configuration_id": "",
                "id": "/subscriptions/9819147e-88ee-45cb-9c60-d3cd02e918e8/resourceGroups/udemy_resource_group/providers/Microsoft.Network/loadBalancers/udemy-lb/frontendIPConfigurations/lb_public_ip_configuration",
                "inbound_nat_rules": [],
                "load_balancer_rules": [
                  "/subscriptions/9819147e-88ee-45cb-9c60-d3cd02e918e8/resourceGroups/udemy_resource_group/providers/Microsoft.Network/loadBalancers/udemy-lb/loadBalancingRules/udemy-lb-rule"
                ],
                "name": "lb_public_ip_configuration",
                "outbound_rules": [],
                "private_ip_address": "",
                "private_ip_address_allocation": "Dynamic",
                "private_ip_address_version": "",
                "public_ip_address_id": "/subscriptions/9819147e-88ee-45cb-9c60-d3cd02e918e8/resourceGroups/udemy_resource_group/providers/Microsoft.Network/publicIPAddresses/udemy-lb-public-ip",
                "public_ip_prefix_id": "",
                "subnet_id": "",
                "zones": []
              }
            ],
            "id": "/subscriptions/9819147e-88ee-45cb-9c60-d3cd02e918e8/resourceGroups/udemy_resource_group/providers/Microsoft.Network/loadBalancers/udemy-lb",
            "location": "japaneast",
            "name": "udemy-lb",
            "private_ip_address": "",
            "private_ip_addresses": [],
            "resource_group_name": "udemy_resource_group",
            "sku": "Basic",
            "sku_tier": "Regional",
            "tags": {},
            "timeouts": null
          },
          "sensitive_attributes": [],
          "private": "eyJlMmJmYjczMC1lY2FhLTExZTYtOGY4OC0zNDM2M2JjN2M0YzAiOnsiY3JlYXRlIjoxODAwMDAwMDAwMDAwLCJkZWxldGUiOjE4MDAwMDAwMDAwMDAsInJlYWQiOjMwMDAwMDAwMDAwMCwidXBkYXRlIjoxODAwMDAwMDAwMDAwfX0=",
          "dependencies": [
            "azurerm_public_ip.lb_public_ip",
            "azurerm_resource_group.resource_group"
          ]
        }
      ]
    },
    {
      "mode": "managed",
      "type": "azurerm_lb_backend_address_pool",
      "name": "lb_backend_pool",
      "provider": "provider[\"registry.terraform.io/hashicorp/azurerm\"]",
      "instances": [
        {
          "schema_version": 0,
          "attributes": {
            "backend_ip_configurations": [
              "/subscriptions/9819147e-88ee-45cb-9c60-d3cd02e918e8/resourceGroups/udemy_resource_group/providers/Microsoft.Network/networkInterfaces/udemy_network_interface/ipConfigurations/vm_ip_configuration"
            ],
            "id": "/subscriptions/9819147e-88ee-45cb-9c60-d3cd02e918e8/resourceGroups/udemy_resource_group/providers/Microsoft.Network/loadBalancers/udemy-lb/backendAddressPools/udemy-lb-backend-pool",
            "load_balancing_rules": [
              "/subscriptions/9819147e-88ee-45cb-9c60-d3cd02e918e8/resourceGroups/udemy_resource_group/providers/Microsoft.Network/loadBalancers/udemy-lb/loadBalancingRules/udemy-lb-rule"
            ],
            "loadbalancer_id": "/subscriptions/9819147e-88ee-45cb-9c60-d3cd02e918e8/resourceGroups/udemy_resource_group/providers/Microsoft.Network/loadBalancers/udemy-lb",
            "name": "udemy-lb-backend-pool",
            "outbound_rules": [],
            "timeouts": null,
            "tunnel_interface": []
          },
          "sensitive_attributes": [],
          "private": "eyJlMmJmYjczMC1lY2FhLTExZTYtOGY4OC0zNDM2M2JjN2M0YzAiOnsiY3JlYXRlIjoxODAwMDAwMDAwMDAwLCJkZWxldGUiOjE4MDAwMDAwMDAwMDAsInJlYWQiOjMwMDAwMDAwMDAwMCwidXBkYXRlIjoxODAwMDAwMDAwMDAwfX0=",
          "dependencies": [
            "azurerm_lb.lb",
            "azurerm_public_ip.lb_public_ip",
            "azurerm_resource_group.resource_group"
          ]
        }
      ]
    },
    {
      "mode": "managed",
      "type": "azurerm_lb_probe",
      "name": "lb_probe",
      "provider": "provider[\"registry.terraform.io/hashicorp/azurerm\"]",
      "instances": [
        {
          "schema_version": 0,
          "attributes": {
            "id": "/subscriptions/9819147e-88ee-45cb-9c60-d3cd02e918e8/resourceGroups/udemy_resource_group/providers/Microsoft.Network/loadBalancers/udemy-lb/probes/http-running-probe",
            "interval_in_seconds": 15,
            "load_balancer_rules": [
              "/subscriptions/9819147e-88ee-45cb-9c60-d3cd02e918e8/resourceGroups/udemy_resource_group/providers/Microsoft.Network/loadBalancers/udemy-lb/loadBalancingRules/udemy-lb-rule"
            ],
            "loadbalancer_id": "/subscriptions/9819147e-88ee-45cb-9c60-d3cd02e918e8/resourceGroups/udemy_resource_group/providers/Microsoft.Network/loadBalancers/udemy-lb",
            "name": "http-running-probe",
            "number_of_probes": 2,
            "port": 80,
            "protocol": "Tcp",
            "request_path": "",
            "timeouts": null
          },
          "sensitive_attributes": [],
          "private": "eyJlMmJmYjczMC1lY2FhLTExZTYtOGY4OC0zNDM2M2JjN2M0YzAiOnsiY3JlYXRlIjoxODAwMDAwMDAwMDAwLCJkZWxldGUiOjE4MDAwMDAwMDAwMDAsInJlYWQiOjMwMDAwMDAwMDAwMCwidXBkYXRlIjoxODAwMDAwMDAwMDAwfX0=",
          "dependencies": [
            "azurerm_lb.lb",
            "azurerm_public_ip.lb_public_ip",
            "azurerm_resource_group.resource_group"
          ]
        }
      ]
    },
    {
      "mode": "managed",
      "type": "azurerm_lb_rule",
      "name": "lb_rule",
      "provider": "provider[\"registry.terraform.io/hashicorp/azurerm\"]",
      "instances": [
        {
          "schema_version": 0,
          "attributes": {
            "backend_address_pool_ids": [
              "/subscriptions/9819147e-88ee-45cb-9c60-d3cd02e918e8/resourceGroups/udemy_resource_group/providers/Microsoft.Network/loadBalancers/udemy-lb/backendAddressPools/udemy-lb-backend-pool"
            ],
            "backend_port": 80,
            "disable_outbound_snat": false,
            "enable_floating_ip": false,
            "enable_tcp_reset": false,
            "frontend_ip_configuration_id": "/subscriptions/9819147e-88ee-45cb-9c60-d3cd02e918e8/resourceGroups/udemy_resource_group/providers/Microsoft.Network/loadBalancers/udemy-lb/frontendIPConfigurations/lb_public_ip_configuration",
            "frontend_ip_configuration_name": "lb_public_ip_configuration",
            "frontend_port": 80,
            "id": "/subscriptions/9819147e-88ee-45cb-9c60-d3cd02e918e8/resourceGroups/udemy_resource_group/providers/Microsoft.Network/loadBalancers/udemy-lb/loadBalancingRules/udemy-lb-rule",
            "idle_timeout_in_minutes": 4,
            "load_distribution": "Default",
            "loadbalancer_id": "/subscriptions/9819147e-88ee-45cb-9c60-d3cd02e918e8/resourceGroups/udemy_resource_group/providers/Microsoft.Network/loadBalancers/udemy-lb",
            "name": "udemy-lb-rule",
            "probe_id": "/subscriptions/9819147e-88ee-45cb-9c60-d3cd02e918e8/resourceGroups/udemy_resource_group/providers/Microsoft.Network/loadBalancers/udemy-lb/probes/http-running-probe",
            "protocol": "Tcp",
            "timeouts": null
          },
          "sensitive_attributes": [],
          "private": "eyJlMmJmYjczMC1lY2FhLTExZTYtOGY4OC0zNDM2M2JjN2M0YzAiOnsiY3JlYXRlIjoxODAwMDAwMDAwMDAwLCJkZWxldGUiOjE4MDAwMDAwMDAwMDAsInJlYWQiOjMwMDAwMDAwMDAwMCwidXBkYXRlIjoxODAwMDAwMDAwMDAwfX0=",
          "dependencies": [
            "azurerm_lb.lb",
            "azurerm_lb_backend_address_pool.lb_backend_pool",
            "azurerm_lb_probe.lb_probe",
            "azurerm_public_ip.lb_public_ip",
            "azurerm_resource_group.resource_group"
          ]
        }
      ]
    },
    {
      "mode": "managed",
      "type": "azurerm_network_interface",
      "name": "vm_network_interface",
      "provider": "provider[\"registry.terraform.io/hashicorp/azurerm\"]",
      "instances": [
        {
          "schema_version": 0,
          "attributes": {
            "applied_dns_servers": [],
            "dns_servers": [],
            "edge_zone": "",
            "enable_accelerated_networking": false,
            "enable_ip_forwarding": false,
            "id": "/subscriptions/9819147e-88ee-45cb-9c60-d3cd02e918e8/resourceGroups/udemy_resource_group/providers/Microsoft.Network/networkInterfaces/udemy_network_interface",
            "internal_dns_name_label": "",
            "internal_domain_name_suffix": "44ucuocyajbelgeow4bmz5hyae.lx.internal.cloudapp.net",
            "ip_configuration": [
              {
                "gateway_load_balancer_frontend_ip_configuration_id": "",
                "name": "vm_ip_configuration",
                "primary": true,
                "private_ip_address": "10.0.2.4",
                "private_ip_address_allocation": "Dynamic",
                "private_ip_address_version": "IPv4",
                "public_ip_address_id": "",
                "subnet_id": "/subscriptions/9819147e-88ee-45cb-9c60-d3cd02e918e8/resourceGroups/udemy_resource_group/providers/Microsoft.Network/virtualNetworks/udemy_virtual_network/subnets/private"
              }
            ],
            "location": "japaneast",
            "mac_address": "60-45-BD-69-1E-B8",
            "name": "udemy_network_interface",
            "private_ip_address": "10.0.2.4",
            "private_ip_addresses": [
              "10.0.2.4"
            ],
            "resource_group_name": "udemy_resource_group",
            "tags": {},
            "timeouts": null,
            "virtual_machine_id": "/subscriptions/9819147e-88ee-45cb-9c60-d3cd02e918e8/resourceGroups/udemy_resource_group/providers/Microsoft.Compute/virtualMachines/udemy-vm"
          },
          "sensitive_attributes": [],
          "private": "eyJlMmJmYjczMC1lY2FhLTExZTYtOGY4OC0zNDM2M2JjN2M0YzAiOnsiY3JlYXRlIjoxODAwMDAwMDAwMDAwLCJkZWxldGUiOjE4MDAwMDAwMDAwMDAsInJlYWQiOjMwMDAwMDAwMDAwMCwidXBkYXRlIjoxODAwMDAwMDAwMDAwfX0=",
          "dependencies": [
            "azurerm_resource_group.resource_group",
            "azurerm_subnet.private",
            "azurerm_virtual_network.vnet"
          ]
        }
      ]
    },
    {
      "mode": "managed",
      "type": "azurerm_network_interface_backend_address_pool_association",
      "name": "lb_backend_address_pool_association",
      "provider": "provider[\"registry.terraform.io/hashicorp/azurerm\"]",
      "instances": [
        {
          "schema_version": 0,
          "attributes": {
            "backend_address_pool_id": "/subscriptions/9819147e-88ee-45cb-9c60-d3cd02e918e8/resourceGroups/udemy_resource_group/providers/Microsoft.Network/loadBalancers/udemy-lb/backendAddressPools/udemy-lb-backend-pool",
            "id": "/subscriptions/9819147e-88ee-45cb-9c60-d3cd02e918e8/resourceGroups/udemy_resource_group/providers/Microsoft.Network/networkInterfaces/udemy_network_interface/ipConfigurations/vm_ip_configuration|/subscriptions/9819147e-88ee-45cb-9c60-d3cd02e918e8/resourceGroups/udemy_resource_group/providers/Microsoft.Network/loadBalancers/udemy-lb/backendAddressPools/udemy-lb-backend-pool",
            "ip_configuration_name": "vm_ip_configuration",
            "network_interface_id": "/subscriptions/9819147e-88ee-45cb-9c60-d3cd02e918e8/resourceGroups/udemy_resource_group/providers/Microsoft.Network/networkInterfaces/udemy_network_interface",
            "timeouts": null
          },
          "sensitive_attributes": [],
          "private": "eyJlMmJmYjczMC1lY2FhLTExZTYtOGY4OC0zNDM2M2JjN2M0YzAiOnsiY3JlYXRlIjoxODAwMDAwMDAwMDAwLCJkZWxldGUiOjE4MDAwMDAwMDAwMDAsInJlYWQiOjMwMDAwMDAwMDAwMCwidXBkYXRlIjoxODAwMDAwMDAwMDAwfX0=",
          "dependencies": [
            "azurerm_lb.lb",
            "azurerm_lb_backend_address_pool.lb_backend_pool",
            "azurerm_network_interface.vm_network_interface",
            "azurerm_public_ip.lb_public_ip",
            "azurerm_resource_group.resource_group",
            "azurerm_subnet.private",
            "azurerm_virtual_network.vnet"
          ]
        }
      ]
    },
    {
      "mode": "managed",
      "type": "azurerm_network_interface_security_group_association",
      "name": "security_group_association",
      "provider": "provider[\"registry.terraform.io/hashicorp/azurerm\"]",
      "instances": [
        {
          "schema_version": 0,
          "attributes": {
            "id": "/subscriptions/9819147e-88ee-45cb-9c60-d3cd02e918e8/resourceGroups/udemy_resource_group/providers/Microsoft.Network/networkInterfaces/udemy_network_interface|/subscriptions/9819147e-88ee-45cb-9c60-d3cd02e918e8/resourceGroups/udemy_resource_group/providers/Microsoft.Network/networkSecurityGroups/udemy_security_group",
            "network_interface_id": "/subscriptions/9819147e-88ee-45cb-9c60-d3cd02e918e8/resourceGroups/udemy_resource_group/providers/Microsoft.Network/networkInterfaces/udemy_network_interface",
            "network_security_group_id": "/subscriptions/9819147e-88ee-45cb-9c60-d3cd02e918e8/resourceGroups/udemy_resource_group/providers/Microsoft.Network/networkSecurityGroups/udemy_security_group",
            "timeouts": null
          },
          "sensitive_attributes": [],
          "private": "eyJlMmJmYjczMC1lY2FhLTExZTYtOGY4OC0zNDM2M2JjN2M0YzAiOnsiY3JlYXRlIjoxODAwMDAwMDAwMDAwLCJkZWxldGUiOjE4MDAwMDAwMDAwMDAsInJlYWQiOjMwMDAwMDAwMDAwMCwidXBkYXRlIjoxODAwMDAwMDAwMDAwfX0=",
          "dependencies": [
            "azurerm_network_interface.vm_network_interface",
            "azurerm_network_security_group.vm_security_group",
            "azurerm_resource_group.resource_group",
            "azurerm_subnet.private",
            "azurerm_virtual_network.vnet"
          ]
        }
      ]
    },
    {
      "mode": "managed",
      "type": "azurerm_network_security_group",
      "name": "vm_security_group",
      "provider": "provider[\"registry.terraform.io/hashicorp/azurerm\"]",
      "instances": [
        {
          "schema_version": 0,
          "attributes": {
            "id": "/subscriptions/9819147e-88ee-45cb-9c60-d3cd02e918e8/resourceGroups/udemy_resource_group/providers/Microsoft.Network/networkSecurityGroups/udemy_security_group",
            "location": "japaneast",
            "name": "udemy_security_group",
            "resource_group_name": "udemy_resource_group",
            "security_rule": [
              {
                "access": "Allow",
                "description": "",
                "destination_address_prefix": "*",
                "destination_address_prefixes": [],
                "destination_application_security_group_ids": [],
                "destination_port_range": "3389",
                "destination_port_ranges": [],
                "direction": "Inbound",
                "name": "RDP",
                "priority": 100,
                "protocol": "Tcp",
                "source_address_prefix": "*",
                "source_address_prefixes": [],
                "source_application_security_group_ids": [],
                "source_port_range": "*",
                "source_port_ranges": []
              },
              {
                "access": "Allow",
                "description": "",
                "destination_address_prefix": "*",
                "destination_address_prefixes": [],
                "destination_application_security_group_ids": [],
                "destination_port_range": "80",
                "destination_port_ranges": [],
                "direction": "Inbound",
                "name": "HTTP",
                "priority": 110,
                "protocol": "Tcp",
                "source_address_prefix": "*",
                "source_address_prefixes": [],
                "source_application_security_group_ids": [],
                "source_port_range": "*",
                "source_port_ranges": []
              }
            ],
            "tags": {},
            "timeouts": null
          },
          "sensitive_attributes": [],
          "private": "eyJlMmJmYjczMC1lY2FhLTExZTYtOGY4OC0zNDM2M2JjN2M0YzAiOnsiY3JlYXRlIjoxODAwMDAwMDAwMDAwLCJkZWxldGUiOjE4MDAwMDAwMDAwMDAsInJlYWQiOjMwMDAwMDAwMDAwMCwidXBkYXRlIjoxODAwMDAwMDAwMDAwfX0=",
          "dependencies": [
            "azurerm_resource_group.resource_group"
          ]
        }
      ]
    },
    {
      "mode": "managed",
      "type": "azurerm_network_security_rule",
      "name": "http",
      "provider": "provider[\"registry.terraform.io/hashicorp/azurerm\"]",
      "instances": [
        {
          "schema_version": 0,
          "attributes": {
            "access": "Allow",
            "description": "",
            "destination_address_prefix": "*",
            "destination_address_prefixes": [],
            "destination_application_security_group_ids": [],
            "destination_port_range": "80",
            "destination_port_ranges": [],
            "direction": "Inbound",
            "id": "/subscriptions/9819147e-88ee-45cb-9c60-d3cd02e918e8/resourceGroups/udemy_resource_group/providers/Microsoft.Network/networkSecurityGroups/udemy_security_group/securityRules/HTTP",
            "name": "HTTP",
            "network_security_group_name": "udemy_security_group",
            "priority": 110,
            "protocol": "Tcp",
            "resource_group_name": "udemy_resource_group",
            "source_address_prefix": "*",
            "source_address_prefixes": [],
            "source_application_security_group_ids": [],
            "source_port_range": "*",
            "source_port_ranges": [],
            "timeouts": null
          },
          "sensitive_attributes": [],
          "private": "eyJlMmJmYjczMC1lY2FhLTExZTYtOGY4OC0zNDM2M2JjN2M0YzAiOnsiY3JlYXRlIjoxODAwMDAwMDAwMDAwLCJkZWxldGUiOjE4MDAwMDAwMDAwMDAsInJlYWQiOjMwMDAwMDAwMDAwMCwidXBkYXRlIjoxODAwMDAwMDAwMDAwfX0=",
          "dependencies": [
            "azurerm_network_security_group.vm_security_group",
            "azurerm_resource_group.resource_group"
          ]
        }
      ]
    },
    {
      "mode": "managed",
      "type": "azurerm_network_security_rule",
      "name": "rdp",
      "provider": "provider[\"registry.terraform.io/hashicorp/azurerm\"]",
      "instances": [
        {
          "schema_version": 0,
          "attributes": {
            "access": "Allow",
            "description": "",
            "destination_address_prefix": "*",
            "destination_address_prefixes": [],
            "destination_application_security_group_ids": [],
            "destination_port_range": "3389",
            "destination_port_ranges": [],
            "direction": "Inbound",
            "id": "/subscriptions/9819147e-88ee-45cb-9c60-d3cd02e918e8/resourceGroups/udemy_resource_group/providers/Microsoft.Network/networkSecurityGroups/udemy_security_group/securityRules/RDP",
            "name": "RDP",
            "network_security_group_name": "udemy_security_group",
            "priority": 100,
            "protocol": "Tcp",
            "resource_group_name": "udemy_resource_group",
            "source_address_prefix": "*",
            "source_address_prefixes": [],
            "source_application_security_group_ids": [],
            "source_port_range": "*",
            "source_port_ranges": [],
            "timeouts": null
          },
          "sensitive_attributes": [],
          "private": "eyJlMmJmYjczMC1lY2FhLTExZTYtOGY4OC0zNDM2M2JjN2M0YzAiOnsiY3JlYXRlIjoxODAwMDAwMDAwMDAwLCJkZWxldGUiOjE4MDAwMDAwMDAwMDAsInJlYWQiOjMwMDAwMDAwMDAwMCwidXBkYXRlIjoxODAwMDAwMDAwMDAwfX0=",
          "dependencies": [
            "azurerm_network_security_group.vm_security_group",
            "azurerm_resource_group.resource_group"
          ]
        }
      ]
    },
    {
      "mode": "managed",
      "type": "azurerm_public_ip",
      "name": "bastion_public_ip",
      "provider": "provider[\"registry.terraform.io/hashicorp/azurerm\"]",
      "instances": [
        {
          "schema_version": 0,
          "attributes": {
            "allocation_method": "Static",
            "domain_name_label": null,
            "edge_zone": "",
            "fqdn": null,
            "id": "/subscriptions/9819147e-88ee-45cb-9c60-d3cd02e918e8/resourceGroups/udemy_resource_group/providers/Microsoft.Network/publicIPAddresses/udemy-bastion-public-ip",
            "idle_timeout_in_minutes": 4,
            "ip_address": "4.216.46.109",
            "ip_tags": {},
            "ip_version": "IPv4",
            "location": "japaneast",
            "name": "udemy-bastion-public-ip",
            "public_ip_prefix_id": null,
            "resource_group_name": "udemy_resource_group",
            "reverse_fqdn": null,
            "sku": "Standard",
            "sku_tier": "Regional",
            "tags": {},
            "timeouts": null,
            "zones": []
          },
          "sensitive_attributes": [],
          "private": "eyJlMmJmYjczMC1lY2FhLTExZTYtOGY4OC0zNDM2M2JjN2M0YzAiOnsiY3JlYXRlIjoxODAwMDAwMDAwMDAwLCJkZWxldGUiOjE4MDAwMDAwMDAwMDAsInJlYWQiOjMwMDAwMDAwMDAwMCwidXBkYXRlIjoxODAwMDAwMDAwMDAwfX0=",
          "dependencies": [
            "azurerm_resource_group.resource_group"
          ]
        }
      ]
    },
    {
      "mode": "managed",
      "type": "azurerm_public_ip",
      "name": "lb_public_ip",
      "provider": "provider[\"registry.terraform.io/hashicorp/azurerm\"]",
      "instances": [
        {
          "schema_version": 0,
          "attributes": {
            "allocation_method": "Static",
            "domain_name_label": null,
            "edge_zone": "",
            "fqdn": null,
            "id": "/subscriptions/9819147e-88ee-45cb-9c60-d3cd02e918e8/resourceGroups/udemy_resource_group/providers/Microsoft.Network/publicIPAddresses/udemy-lb-public-ip",
            "idle_timeout_in_minutes": 4,
            "ip_address": "4.241.70.124",
            "ip_tags": {},
            "ip_version": "IPv4",
            "location": "japaneast",
            "name": "udemy-lb-public-ip",
            "public_ip_prefix_id": null,
            "resource_group_name": "udemy_resource_group",
            "reverse_fqdn": null,
            "sku": "Basic",
            "sku_tier": "Regional",
            "tags": {},
            "timeouts": null,
            "zones": []
          },
          "sensitive_attributes": [],
          "private": "eyJlMmJmYjczMC1lY2FhLTExZTYtOGY4OC0zNDM2M2JjN2M0YzAiOnsiY3JlYXRlIjoxODAwMDAwMDAwMDAwLCJkZWxldGUiOjE4MDAwMDAwMDAwMDAsInJlYWQiOjMwMDAwMDAwMDAwMCwidXBkYXRlIjoxODAwMDAwMDAwMDAwfX0=",
          "dependencies": [
            "azurerm_resource_group.resource_group"
          ]
        }
      ]
    },
    {
      "mode": "managed",
      "type": "azurerm_resource_group",
      "name": "resource_group",
      "provider": "provider[\"registry.terraform.io/hashicorp/azurerm\"]",
      "instances": [
        {
          "schema_version": 0,
          "attributes": {
            "id": "/subscriptions/9819147e-88ee-45cb-9c60-d3cd02e918e8/resourceGroups/udemy_resource_group",
            "location": "japaneast",
            "name": "udemy_resource_group",
            "tags": {},
            "timeouts": null
          },
          "sensitive_attributes": [],
          "private": "eyJlMmJmYjczMC1lY2FhLTExZTYtOGY4OC0zNDM2M2JjN2M0YzAiOnsiY3JlYXRlIjo1NDAwMDAwMDAwMDAwLCJkZWxldGUiOjU0MDAwMDAwMDAwMDAsInJlYWQiOjMwMDAwMDAwMDAwMCwidXBkYXRlIjo1NDAwMDAwMDAwMDAwfX0="
        }
      ]
    },
    {
      "mode": "managed",
      "type": "azurerm_sql_database",
      "name": "sql_database",
      "provider": "provider[\"registry.terraform.io/hashicorp/azurerm\"]",
      "instances": [
        {
          "schema_version": 0,
          "attributes": {
            "collation": "SQL_Latin1_General_CP1_CI_AS",
            "create_mode": "Default",
            "creation_date": "2023-11-02T03:32:13.943Z",
            "default_secondary_location": "Japan West",
            "edition": "Basic",
            "elastic_pool_name": "",
            "encryption": "",
            "id": "/subscriptions/9819147e-88ee-45cb-9c60-d3cd02e918e8/resourceGroups/udemy_resource_group/providers/Microsoft.Sql/servers/udemy-sqlserver-server/databases/udemy-sqlserver-database",
            "import": [],
            "location": "japaneast",
            "max_size_bytes": "2147483648",
            "max_size_gb": null,
            "name": "udemy-sqlserver-database",
            "read_scale": false,
            "requested_service_objective_id": "dd6d99bb-f193-4ec1-86f2-43d3bccbc49c",
            "requested_service_objective_name": "Basic",
            "resource_group_name": "udemy_resource_group",
            "restore_point_in_time": null,
            "server_name": "udemy-sqlserver-server",
            "source_database_deletion_date": null,
            "source_database_id": null,
            "tags": {},
            "threat_detection_policy": [
              {
                "disabled_alerts": [],
                "email_account_admins": "Disabled",
                "email_addresses": [],
                "retention_days": 0,
                "state": "Disabled",
                "storage_account_access_key": "",
                "storage_endpoint": ""
              }
            ],
            "timeouts": null,
            "zone_redundant": false
          },
          "sensitive_attributes": [],
          "private": "eyJlMmJmYjczMC1lY2FhLTExZTYtOGY4OC0zNDM2M2JjN2M0YzAiOnsiY3JlYXRlIjozNjAwMDAwMDAwMDAwLCJkZWxldGUiOjM2MDAwMDAwMDAwMDAsInJlYWQiOjMwMDAwMDAwMDAwMCwidXBkYXRlIjozNjAwMDAwMDAwMDAwfX0=",
          "dependencies": [
            "azurerm_resource_group.resource_group",
            "azurerm_sql_server.sql_server"
          ]
        }
      ]
    },
    {
      "mode": "managed",
      "type": "azurerm_sql_firewall_rule",
      "name": "sql_firewall_rule",
      "provider": "provider[\"registry.terraform.io/hashicorp/azurerm\"]",
      "instances": [
        {
          "schema_version": 0,
          "attributes": {
            "end_ip_address": "0.0.0.0",
            "id": "/subscriptions/9819147e-88ee-45cb-9c60-d3cd02e918e8/resourceGroups/udemy_resource_group/providers/Microsoft.Sql/servers/udemy-sqlserver-server/firewallRules/udemy-sql-firewall-rule",
            "name": "udemy-sql-firewall-rule",
            "resource_group_name": "udemy_resource_group",
            "server_name": "udemy-sqlserver-server",
            "start_ip_address": "0.0.0.0",
            "timeouts": null
          },
          "sensitive_attributes": [],
          "private": "eyJlMmJmYjczMC1lY2FhLTExZTYtOGY4OC0zNDM2M2JjN2M0YzAiOnsiY3JlYXRlIjoxODAwMDAwMDAwMDAwLCJkZWxldGUiOjE4MDAwMDAwMDAwMDAsInJlYWQiOjMwMDAwMDAwMDAwMCwidXBkYXRlIjoxODAwMDAwMDAwMDAwfX0=",
          "dependencies": [
            "azurerm_resource_group.resource_group",
            "azurerm_sql_server.sql_server"
          ]
        }
      ]
    },
    {
      "mode": "managed",
      "type": "azurerm_sql_server",
      "name": "sql_server",
      "provider": "provider[\"registry.terraform.io/hashicorp/azurerm\"]",
      "instances": [
        {
          "schema_version": 0,
          "attributes": {
            "administrator_login": "sqladministrator",
            "administrator_login_password": "P@$$w0rd1234!",
            "connection_policy": "Default",
            "fully_qualified_domain_name": "udemy-sqlserver-server.database.windows.net",
            "id": "/subscriptions/9819147e-88ee-45cb-9c60-d3cd02e918e8/resourceGroups/udemy_resource_group/providers/Microsoft.Sql/servers/udemy-sqlserver-server",
            "identity": [],
            "location": "japaneast",
            "name": "udemy-sqlserver-server",
            "resource_group_name": "udemy_resource_group",
            "tags": {},
            "threat_detection_policy": [
              {
                "disabled_alerts": [
                  ""
                ],
                "email_account_admins": false,
                "email_addresses": [
                  ""
                ],
                "retention_days": 0,
                "state": "Disabled",
                "storage_account_access_key": "",
                "storage_endpoint": ""
              }
            ],
            "timeouts": null,
            "version": "12.0"
          },
          "sensitive_attributes": [],
          "private": "eyJlMmJmYjczMC1lY2FhLTExZTYtOGY4OC0zNDM2M2JjN2M0YzAiOnsiY3JlYXRlIjozNjAwMDAwMDAwMDAwLCJkZWxldGUiOjM2MDAwMDAwMDAwMDAsInJlYWQiOjMwMDAwMDAwMDAwMCwidXBkYXRlIjozNjAwMDAwMDAwMDAwfX0=",
          "dependencies": [
            "azurerm_resource_group.resource_group"
          ]
        }
      ]
    },
    {
      "mode": "managed",
      "type": "azurerm_sql_virtual_network_rule",
      "name": "sql_virtual_network_rule",
      "provider": "provider[\"registry.terraform.io/hashicorp/azurerm\"]",
      "instances": [
        {
          "schema_version": 0,
          "attributes": {
            "id": "/subscriptions/9819147e-88ee-45cb-9c60-d3cd02e918e8/resourceGroups/udemy_resource_group/providers/Microsoft.Sql/servers/udemy-sqlserver-server/virtualNetworkRules/udemy-sql-virtual-network-rule",
            "ignore_missing_vnet_service_endpoint": false,
            "name": "udemy-sql-virtual-network-rule",
            "resource_group_name": "udemy_resource_group",
            "server_name": "udemy-sqlserver-server",
            "subnet_id": "/subscriptions/9819147e-88ee-45cb-9c60-d3cd02e918e8/resourceGroups/udemy_resource_group/providers/Microsoft.Network/virtualNetworks/udemy_virtual_network/subnets/private",
            "timeouts": null
          },
          "sensitive_attributes": [],
          "private": "eyJlMmJmYjczMC1lY2FhLTExZTYtOGY4OC0zNDM2M2JjN2M0YzAiOnsiY3JlYXRlIjoxODAwMDAwMDAwMDAwLCJkZWxldGUiOjE4MDAwMDAwMDAwMDAsInJlYWQiOjMwMDAwMDAwMDAwMCwidXBkYXRlIjoxODAwMDAwMDAwMDAwfX0=",
          "dependencies": [
            "azurerm_resource_group.resource_group",
            "azurerm_sql_server.sql_server",
            "azurerm_subnet.private",
            "azurerm_virtual_network.vnet"
          ]
        }
      ]
    },
    {
      "mode": "managed",
      "type": "azurerm_subnet",
      "name": "bastion",
      "provider": "provider[\"registry.terraform.io/hashicorp/azurerm\"]",
      "instances": [
        {
          "schema_version": 0,
          "attributes": {
            "address_prefixes": [
              "10.0.3.0/27"
            ],
            "delegation": [],
            "enforce_private_link_endpoint_network_policies": false,
            "enforce_private_link_service_network_policies": false,
            "id": "/subscriptions/9819147e-88ee-45cb-9c60-d3cd02e918e8/resourceGroups/udemy_resource_group/providers/Microsoft.Network/virtualNetworks/udemy_virtual_network/subnets/AzureBastionSubnet",
            "name": "AzureBastionSubnet",
            "resource_group_name": "udemy_resource_group",
            "service_endpoint_policy_ids": [],
            "service_endpoints": [],
            "timeouts": null,
            "virtual_network_name": "udemy_virtual_network"
          },
          "sensitive_attributes": [],
          "private": "eyJlMmJmYjczMC1lY2FhLTExZTYtOGY4OC0zNDM2M2JjN2M0YzAiOnsiY3JlYXRlIjoxODAwMDAwMDAwMDAwLCJkZWxldGUiOjE4MDAwMDAwMDAwMDAsInJlYWQiOjMwMDAwMDAwMDAwMCwidXBkYXRlIjoxODAwMDAwMDAwMDAwfX0=",
          "dependencies": [
            "azurerm_resource_group.resource_group",
            "azurerm_virtual_network.vnet"
          ]
        }
      ]
    },
    {
      "mode": "managed",
      "type": "azurerm_subnet",
      "name": "private",
      "provider": "provider[\"registry.terraform.io/hashicorp/azurerm\"]",
      "instances": [
        {
          "schema_version": 0,
          "attributes": {
            "address_prefixes": [
              "10.0.2.0/24"
            ],
            "delegation": [],
            "enforce_private_link_endpoint_network_policies": false,
            "enforce_private_link_service_network_policies": false,
            "id": "/subscriptions/9819147e-88ee-45cb-9c60-d3cd02e918e8/resourceGroups/udemy_resource_group/providers/Microsoft.Network/virtualNetworks/udemy_virtual_network/subnets/private",
            "name": "private",
            "resource_group_name": "udemy_resource_group",
            "service_endpoint_policy_ids": [],
            "service_endpoints": [
              "Microsoft.Sql"
            ],
            "timeouts": null,
            "virtual_network_name": "udemy_virtual_network"
          },
          "sensitive_attributes": [],
          "private": "eyJlMmJmYjczMC1lY2FhLTExZTYtOGY4OC0zNDM2M2JjN2M0YzAiOnsiY3JlYXRlIjoxODAwMDAwMDAwMDAwLCJkZWxldGUiOjE4MDAwMDAwMDAwMDAsInJlYWQiOjMwMDAwMDAwMDAwMCwidXBkYXRlIjoxODAwMDAwMDAwMDAwfX0=",
          "dependencies": [
            "azurerm_resource_group.resource_group",
            "azurerm_virtual_network.vnet"
          ]
        }
      ]
    },
    {
      "mode": "managed",
      "type": "azurerm_subnet",
      "name": "public",
      "provider": "provider[\"registry.terraform.io/hashicorp/azurerm\"]",
      "instances": [
        {
          "schema_version": 0,
          "attributes": {
            "address_prefixes": [
              "10.0.1.0/24"
            ],
            "delegation": [],
            "enforce_private_link_endpoint_network_policies": false,
            "enforce_private_link_service_network_policies": false,
            "id": "/subscriptions/9819147e-88ee-45cb-9c60-d3cd02e918e8/resourceGroups/udemy_resource_group/providers/Microsoft.Network/virtualNetworks/udemy_virtual_network/subnets/public",
            "name": "public",
            "resource_group_name": "udemy_resource_group",
            "service_endpoint_policy_ids": [],
            "service_endpoints": [],
            "timeouts": null,
            "virtual_network_name": "udemy_virtual_network"
          },
          "sensitive_attributes": [],
          "private": "eyJlMmJmYjczMC1lY2FhLTExZTYtOGY4OC0zNDM2M2JjN2M0YzAiOnsiY3JlYXRlIjoxODAwMDAwMDAwMDAwLCJkZWxldGUiOjE4MDAwMDAwMDAwMDAsInJlYWQiOjMwMDAwMDAwMDAwMCwidXBkYXRlIjoxODAwMDAwMDAwMDAwfX0=",
          "dependencies": [
            "azurerm_resource_group.resource_group",
            "azurerm_virtual_network.vnet"
          ]
        }
      ]
    },
    {
      "mode": "managed",
      "type": "azurerm_virtual_network",
      "name": "vnet",
      "provider": "provider[\"registry.terraform.io/hashicorp/azurerm\"]",
      "instances": [
        {
          "schema_version": 0,
          "attributes": {
            "address_space": [
              "10.0.0.0/16"
            ],
            "bgp_community": "",
            "ddos_protection_plan": [],
            "dns_servers": [],
            "edge_zone": "",
            "flow_timeout_in_minutes": 0,
            "guid": "382aa8f7-0258-4542-988e-b782ccfcf804",
            "id": "/subscriptions/9819147e-88ee-45cb-9c60-d3cd02e918e8/resourceGroups/udemy_resource_group/providers/Microsoft.Network/virtualNetworks/udemy_virtual_network",
            "location": "japaneast",
            "name": "udemy_virtual_network",
            "resource_group_name": "udemy_resource_group",
            "subnet": [
              {
                "address_prefix": "10.0.1.0/24",
                "id": "/subscriptions/9819147e-88ee-45cb-9c60-d3cd02e918e8/resourceGroups/udemy_resource_group/providers/Microsoft.Network/virtualNetworks/udemy_virtual_network/subnets/public",
                "name": "public",
                "security_group": ""
              },
              {
                "address_prefix": "10.0.2.0/24",
                "id": "/subscriptions/9819147e-88ee-45cb-9c60-d3cd02e918e8/resourceGroups/udemy_resource_group/providers/Microsoft.Network/virtualNetworks/udemy_virtual_network/subnets/private",
                "name": "private",
                "security_group": ""
              },
              {
                "address_prefix": "10.0.3.0/27",
                "id": "/subscriptions/9819147e-88ee-45cb-9c60-d3cd02e918e8/resourceGroups/udemy_resource_group/providers/Microsoft.Network/virtualNetworks/udemy_virtual_network/subnets/AzureBastionSubnet",
                "name": "AzureBastionSubnet",
                "security_group": ""
              }
            ],
            "tags": {},
            "timeouts": null
          },
          "sensitive_attributes": [],
          "private": "eyJlMmJmYjczMC1lY2FhLTExZTYtOGY4OC0zNDM2M2JjN2M0YzAiOnsiY3JlYXRlIjoxODAwMDAwMDAwMDAwLCJkZWxldGUiOjE4MDAwMDAwMDAwMDAsInJlYWQiOjMwMDAwMDAwMDAwMCwidXBkYXRlIjoxODAwMDAwMDAwMDAwfX0=",
          "dependencies": [
            "azurerm_resource_group.resource_group"
          ]
        }
      ]
    },
    {
      "mode": "managed",
      "type": "azurerm_windows_virtual_machine",
      "name": "vm",
      "provider": "provider[\"registry.terraform.io/hashicorp/azurerm\"]",
      "instances": [
        {
          "schema_version": 0,
          "attributes": {
            "additional_capabilities": [],
            "additional_unattend_content": [],
            "admin_password": "P@$$w0rd1234!",
            "admin_username": "adminuser",
            "allow_extension_operations": true,
            "availability_set_id": "",
            "boot_diagnostics": [],
            "computer_name": "udemy-vm",
            "custom_data": null,
            "dedicated_host_group_id": "",
            "dedicated_host_id": "",
            "edge_zone": "",
            "enable_automatic_updates": true,
            "encryption_at_host_enabled": false,
            "eviction_policy": "",
            "extensions_time_budget": "PT1H30M",
            "hotpatching_enabled": false,
            "id": "/subscriptions/9819147e-88ee-45cb-9c60-d3cd02e918e8/resourceGroups/udemy_resource_group/providers/Microsoft.Compute/virtualMachines/udemy-vm",
            "identity": [],
            "license_type": "",
            "location": "japaneast",
            "max_bid_price": -1,
            "name": "udemy-vm",
            "network_interface_ids": [
              "/subscriptions/9819147e-88ee-45cb-9c60-d3cd02e918e8/resourceGroups/udemy_resource_group/providers/Microsoft.Network/networkInterfaces/udemy_network_interface"
            ],
            "os_disk": [
              {
                "caching": "ReadWrite",
                "diff_disk_settings": [],
                "disk_encryption_set_id": "",
                "disk_size_gb": 127,
                "name": "udemy-vm_disk1_0d4925799c944247a824c499ef020f5b",
                "storage_account_type": "Standard_LRS",
                "write_accelerator_enabled": false
              }
            ],
            "patch_mode": "AutomaticByOS",
            "plan": [],
            "platform_fault_domain": -1,
            "priority": "Regular",
            "private_ip_address": "10.0.2.4",
            "private_ip_addresses": [
              "10.0.2.4"
            ],
            "provision_vm_agent": true,
            "proximity_placement_group_id": "",
            "public_ip_address": "",
            "public_ip_addresses": [],
            "resource_group_name": "udemy_resource_group",
            "secret": [],
            "secure_boot_enabled": false,
            "size": "Standard_D2s_v3",
            "source_image_id": "",
            "source_image_reference": [
              {
                "offer": "WindowsServer",
                "publisher": "MicrosoftWindowsServer",
                "sku": "2019-Datacenter",
                "version": "latest"
              }
            ],
            "tags": {},
            "termination_notification": [],
            "timeouts": null,
            "timezone": "",
            "user_data": "",
            "virtual_machine_id": "97f4814b-5203-4773-a2bf-1c9a707d264d",
            "virtual_machine_scale_set_id": "",
            "vtpm_enabled": false,
            "winrm_listener": [],
            "zone": ""
          },
          "sensitive_attributes": [],
          "private": "eyJlMmJmYjczMC1lY2FhLTExZTYtOGY4OC0zNDM2M2JjN2M0YzAiOnsiY3JlYXRlIjoyNzAwMDAwMDAwMDAwLCJkZWxldGUiOjI3MDAwMDAwMDAwMDAsInJlYWQiOjMwMDAwMDAwMDAwMCwidXBkYXRlIjoyNzAwMDAwMDAwMDAwfX0=",
          "dependencies": [
            "azurerm_network_interface.vm_network_interface",
            "azurerm_resource_group.resource_group",
            "azurerm_subnet.private",
            "azurerm_virtual_network.vnet"
          ]
        }
      ]
    }
  ]
}
